
Microsoft Visual Studio Solution File, Format Version 12.00
# Visual Studio Version 17
VisualStudioVersion = 17.1.32421.90
MinimumVisualStudioVersion = 10.0.40219.1
Project("{FAE04EC0-301F-11D3-BF4B-00C04F79EFBC}") = "Unidad3", "Unidad3\Unidad3.csproj", "{5F9246EB-F4A9-4085-802C-0F3DE60D7F2C}"
EndProject
Global
	GlobalSection(SolutionConfigurationPlatforms) = preSolution
		Debug|Any CPU = Debug|Any CPU
		Release|Any CPU = Release|Any CPU
	EndGlobalSection
	GlobalSection(ProjectConfigurationPlatforms) = postSolution
		{5F9246EB-F4A9-4085-802C-0F3DE60D7F2C}.Debug|Any CPU.ActiveCfg = Debug|Any CPU
		{5F9246EB-F4A9-4085-802C-0F3DE60D7F2C}.Debug|Any CPU.Build.0 = Debug|Any CPU
		{5F9246EB-F4A9-4085-802C-0F3DE60D7F2C}.Release|Any CPU.ActiveCfg = Release|Any CPU
		{5F9246EB-F4A9-4085-802C-0F3DE60D7F2C}.Release|Any CPU.Build.0 = Release|Any CPU
	EndGlobalSection
	GlobalSection(SolutionProperties) = preSolution
		HideSolutionNode = FALSE
	EndGlobalSection
	GlobalSection(ExtensibilityGlobals) = postSolution
		SolutionGuid = {BE01AD89-0E6F-4A6B-A61F-DF5EA559D4B3}
	EndGlobalSection
EndGlobal
